
Microsoft Visual Studio Solution File, Format Version 12.00
# Visual Studio Version 17
VisualStudioVersion = 17.3.32825.248
MinimumVisualStudioVersion = 10.0.40219.1
Project("{2150E333-8FDC-42A3-9474-1A3956D46DE8}") = "ApiGateWay", "ApiGateWay", "{C162C937-A1F5-41DF-A698-88903152242D}"
EndProject
Project("{9A19103F-16F7-4668-BE54-9A1E7A4F7556}") = "Alpha.ApiGateWay", "ApiGateWays\Alpha.ApiGateWay\Alpha.ApiGateWay.csproj", "{50FFF9B3-2E45-40AA-976C-B9DDEBEA52BA}"
EndProject
Project("{2150E333-8FDC-42A3-9474-1A3956D46DE8}") = "Services", "Services", "{3745E11A-74CC-475D-B9AE-B3C79AD7A04E}"
EndProject
Project("{2150E333-8FDC-42A3-9474-1A3956D46DE8}") = "Shared", "Shared", "{3C4B45D9-068E-4A62-8C07-65551A0DD753}"
EndProject
Project("{2150E333-8FDC-42A3-9474-1A3956D46DE8}") = "ServiceA", "ServiceA", "{BA0C089B-5C6E-4B81-A6F0-1124EC5680FC}"
EndProject
Project("{2150E333-8FDC-42A3-9474-1A3956D46DE8}") = "ServiceB", "ServiceB", "{331ACCE8-A7B4-468F-817B-4FAAEE74E53F}"
EndProject
Project("{2150E333-8FDC-42A3-9474-1A3956D46DE8}") = "ServiceC", "ServiceC", "{C1DB3F10-3685-4A35-9F54-A65355109840}"
EndProject
Project("{2150E333-8FDC-42A3-9474-1A3956D46DE8}") = "Helpers", "Helpers", "{4AC49AB7-13C1-495F-A9B1-5573635BD7C7}"
EndProject
Project("{2150E333-8FDC-42A3-9474-1A3956D46DE8}") = "Models", "Models", "{0F7D16D1-C0DF-487C-B528-52F5123AA2E3}"
EndProject
Project("{2150E333-8FDC-42A3-9474-1A3956D46DE8}") = "Utils", "Utils", "{037D1EB0-7D91-4A34-AB98-6C3E68F9B4CD}"
EndProject
Project("{9A19103F-16F7-4668-BE54-9A1E7A4F7556}") = "Alpha.Shared.Helpers", "..\Shared\Helpers\Alpha.Shared.Helpers\Alpha.Shared.Helpers.csproj", "{04058F78-9F4D-4B23-A349-B413A1FB948F}"
EndProject
Project("{9A19103F-16F7-4668-BE54-9A1E7A4F7556}") = "Alpha.Shared.Models", "..\Shared\Models\Alpha.Shared.Models\Alpha.Shared.Models.csproj", "{DB00555C-C750-44A0-A1FB-CBFF387A5943}"
EndProject
Project("{9A19103F-16F7-4668-BE54-9A1E7A4F7556}") = "Alpha.Shared.Utils", "..\Shared\Utils\Alpha.Shared.Utils\Alpha.Shared.Utils.csproj", "{9474CC14-3FCE-48B7-8435-8F626BE3E484}"
EndProject
Project("{9A19103F-16F7-4668-BE54-9A1E7A4F7556}") = "Alpha.ServiceA.Interface", "Services\ServiceA\AKKK.ServiceA.Interface\Alpha.ServiceA.Interface.csproj", "{ECAF93C0-B2DE-46DE-8A7B-63978CAF6C32}"
EndProject
Project("{9A19103F-16F7-4668-BE54-9A1E7A4F7556}") = "Alpha.ServiceA.Infrastructure", "Services\ServiceA\AKKK.ServiceA.Infrastructure\Alpha.ServiceA.Infrastructure.csproj", "{27A6ED21-5C62-4593-B678-4472932DAF7D}"
EndProject
Project("{9A19103F-16F7-4668-BE54-9A1E7A4F7556}") = "Alpha.ServiceA.API", "Services\ServiceA\Alpha.ServiceA.API\Alpha.ServiceA.API.csproj", "{B837E598-3109-480D-AC9B-E5332520895C}"
EndProject
Project("{9A19103F-16F7-4668-BE54-9A1E7A4F7556}") = "Alpha.ServiceA.Model", "Services\ServiceA\Alpha.ServiceA.Model\Alpha.ServiceA.Model.csproj", "{B396BE62-058D-451D-94DD-8DE87ACE2C01}"
EndProject
Project("{FAE04EC0-301F-11D3-BF4B-00C04F79EFBC}") = "Alpha.ServiceB.API", "Services\ServiceB\Alpha.ServiceB.API\Alpha.ServiceB.API.csproj", "{DFD47390-FA38-4881-BA01-31A9915A738A}"
EndProject
Project("{FAE04EC0-301F-11D3-BF4B-00C04F79EFBC}") = "Alpha.ServiceB.Model", "Services\ServiceB\Alpha.ServiceB.Model\Alpha.ServiceB.Model.csproj", "{5E1C31D6-1AAD-4846-9558-40B8B67391EC}"
EndProject
Global
	GlobalSection(SolutionConfigurationPlatforms) = preSolution
		Debug|Any CPU = Debug|Any CPU
		Release|Any CPU = Release|Any CPU
	EndGlobalSection
	GlobalSection(ProjectConfigurationPlatforms) = postSolution
		{50FFF9B3-2E45-40AA-976C-B9DDEBEA52BA}.Debug|Any CPU.ActiveCfg = Debug|Any CPU
		{50FFF9B3-2E45-40AA-976C-B9DDEBEA52BA}.Debug|Any CPU.Build.0 = Debug|Any CPU
		{50FFF9B3-2E45-40AA-976C-B9DDEBEA52BA}.Release|Any CPU.ActiveCfg = Release|Any CPU
		{50FFF9B3-2E45-40AA-976C-B9DDEBEA52BA}.Release|Any CPU.Build.0 = Release|Any CPU
		{04058F78-9F4D-4B23-A349-B413A1FB948F}.Debug|Any CPU.ActiveCfg = Debug|Any CPU
		{04058F78-9F4D-4B23-A349-B413A1FB948F}.Debug|Any CPU.Build.0 = Debug|Any CPU
		{04058F78-9F4D-4B23-A349-B413A1FB948F}.Release|Any CPU.ActiveCfg = Release|Any CPU
		{04058F78-9F4D-4B23-A349-B413A1FB948F}.Release|Any CPU.Build.0 = Release|Any CPU
		{DB00555C-C750-44A0-A1FB-CBFF387A5943}.Debug|Any CPU.ActiveCfg = Debug|Any CPU
		{DB00555C-C750-44A0-A1FB-CBFF387A5943}.Debug|Any CPU.Build.0 = Debug|Any CPU
		{DB00555C-C750-44A0-A1FB-CBFF387A5943}.Release|Any CPU.ActiveCfg = Release|Any CPU
		{DB00555C-C750-44A0-A1FB-CBFF387A5943}.Release|Any CPU.Build.0 = Release|Any CPU
		{9474CC14-3FCE-48B7-8435-8F626BE3E484}.Debug|Any CPU.ActiveCfg = Debug|Any CPU
		{9474CC14-3FCE-48B7-8435-8F626BE3E484}.Debug|Any CPU.Build.0 = Debug|Any CPU
		{9474CC14-3FCE-48B7-8435-8F626BE3E484}.Release|Any CPU.ActiveCfg = Release|Any CPU
		{9474CC14-3FCE-48B7-8435-8F626BE3E484}.Release|Any CPU.Build.0 = Release|Any CPU
		{ECAF93C0-B2DE-46DE-8A7B-63978CAF6C32}.Debug|Any CPU.ActiveCfg = Debug|Any CPU
		{ECAF93C0-B2DE-46DE-8A7B-63978CAF6C32}.Debug|Any CPU.Build.0 = Debug|Any CPU
		{ECAF93C0-B2DE-46DE-8A7B-63978CAF6C32}.Release|Any CPU.ActiveCfg = Release|Any CPU
		{ECAF93C0-B2DE-46DE-8A7B-63978CAF6C32}.Release|Any CPU.Build.0 = Release|Any CPU
		{27A6ED21-5C62-4593-B678-4472932DAF7D}.Debug|Any CPU.ActiveCfg = Debug|Any CPU
		{27A6ED21-5C62-4593-B678-4472932DAF7D}.Debug|Any CPU.Build.0 = Debug|Any CPU
		{27A6ED21-5C62-4593-B678-4472932DAF7D}.Release|Any CPU.ActiveCfg = Release|Any CPU
		{27A6ED21-5C62-4593-B678-4472932DAF7D}.Release|Any CPU.Build.0 = Release|Any CPU
		{B837E598-3109-480D-AC9B-E5332520895C}.Debug|Any CPU.ActiveCfg = Debug|Any CPU
		{B837E598-3109-480D-AC9B-E5332520895C}.Debug|Any CPU.Build.0 = Debug|Any CPU
		{B837E598-3109-480D-AC9B-E5332520895C}.Release|Any CPU.ActiveCfg = Release|Any CPU
		{B837E598-3109-480D-AC9B-E5332520895C}.Release|Any CPU.Build.0 = Release|Any CPU
		{B396BE62-058D-451D-94DD-8DE87ACE2C01}.Debug|Any CPU.ActiveCfg = Debug|Any CPU
		{B396BE62-058D-451D-94DD-8DE87ACE2C01}.Debug|Any CPU.Build.0 = Debug|Any CPU
		{B396BE62-058D-451D-94DD-8DE87ACE2C01}.Release|Any CPU.ActiveCfg = Release|Any CPU
		{B396BE62-058D-451D-94DD-8DE87ACE2C01}.Release|Any CPU.Build.0 = Release|Any CPU
		{DFD47390-FA38-4881-BA01-31A9915A738A}.Debug|Any CPU.ActiveCfg = Debug|Any CPU
		{DFD47390-FA38-4881-BA01-31A9915A738A}.Debug|Any CPU.Build.0 = Debug|Any CPU
		{DFD47390-FA38-4881-BA01-31A9915A738A}.Release|Any CPU.ActiveCfg = Release|Any CPU
		{DFD47390-FA38-4881-BA01-31A9915A738A}.Release|Any CPU.Build.0 = Release|Any CPU
		{5E1C31D6-1AAD-4846-9558-40B8B67391EC}.Debug|Any CPU.ActiveCfg = Debug|Any CPU
		{5E1C31D6-1AAD-4846-9558-40B8B67391EC}.Debug|Any CPU.Build.0 = Debug|Any CPU
		{5E1C31D6-1AAD-4846-9558-40B8B67391EC}.Release|Any CPU.ActiveCfg = Release|Any CPU
		{5E1C31D6-1AAD-4846-9558-40B8B67391EC}.Release|Any CPU.Build.0 = Release|Any CPU
	EndGlobalSection
	GlobalSection(SolutionProperties) = preSolution
		HideSolutionNode = FALSE
	EndGlobalSection
	GlobalSection(NestedProjects) = preSolution
		{50FFF9B3-2E45-40AA-976C-B9DDEBEA52BA} = {C162C937-A1F5-41DF-A698-88903152242D}
		{BA0C089B-5C6E-4B81-A6F0-1124EC5680FC} = {3745E11A-74CC-475D-B9AE-B3C79AD7A04E}
		{331ACCE8-A7B4-468F-817B-4FAAEE74E53F} = {3745E11A-74CC-475D-B9AE-B3C79AD7A04E}
		{C1DB3F10-3685-4A35-9F54-A65355109840} = {3745E11A-74CC-475D-B9AE-B3C79AD7A04E}
		{4AC49AB7-13C1-495F-A9B1-5573635BD7C7} = {3C4B45D9-068E-4A62-8C07-65551A0DD753}
		{0F7D16D1-C0DF-487C-B528-52F5123AA2E3} = {3C4B45D9-068E-4A62-8C07-65551A0DD753}
		{037D1EB0-7D91-4A34-AB98-6C3E68F9B4CD} = {3C4B45D9-068E-4A62-8C07-65551A0DD753}
		{04058F78-9F4D-4B23-A349-B413A1FB948F} = {4AC49AB7-13C1-495F-A9B1-5573635BD7C7}
		{DB00555C-C750-44A0-A1FB-CBFF387A5943} = {0F7D16D1-C0DF-487C-B528-52F5123AA2E3}
		{9474CC14-3FCE-48B7-8435-8F626BE3E484} = {037D1EB0-7D91-4A34-AB98-6C3E68F9B4CD}
		{ECAF93C0-B2DE-46DE-8A7B-63978CAF6C32} = {BA0C089B-5C6E-4B81-A6F0-1124EC5680FC}
		{27A6ED21-5C62-4593-B678-4472932DAF7D} = {BA0C089B-5C6E-4B81-A6F0-1124EC5680FC}
		{B837E598-3109-480D-AC9B-E5332520895C} = {BA0C089B-5C6E-4B81-A6F0-1124EC5680FC}
		{B396BE62-058D-451D-94DD-8DE87ACE2C01} = {BA0C089B-5C6E-4B81-A6F0-1124EC5680FC}
		{DFD47390-FA38-4881-BA01-31A9915A738A} = {331ACCE8-A7B4-468F-817B-4FAAEE74E53F}
		{5E1C31D6-1AAD-4846-9558-40B8B67391EC} = {331ACCE8-A7B4-468F-817B-4FAAEE74E53F}
	EndGlobalSection
	GlobalSection(ExtensibilityGlobals) = postSolution
		SolutionGuid = {C394B835-2D33-450A-A121-3517CF406AF8}
	EndGlobalSection
EndGlobal
